// !$*UTF8*$!
{
	archiveVersion = 1;
	classes = {
	};
	objectVersion = 56;
	objects = {

/* Begin PBXBuildFile section */
		BF19125D28EDA48300EF4C19 /* MainPage.swift in Sources */ = {isa = PBXBuildFile; fileRef = BF19125C28EDA48300EF4C19 /* MainPage.swift */; };
		BF19126228EDA7F200EF4C19 /* Home.swift in Sources */ = {isa = PBXBuildFile; fileRef = BF19126128EDA7F200EF4C19 /* Home.swift */; };
		BF19126528EDAA4200EF4C19 /* Product.swift in Sources */ = {isa = PBXBuildFile; fileRef = BF19126428EDAA4200EF4C19 /* Product.swift */; };
		BF19126728EDAB7100EF4C19 /* HomeViewModel.swift in Sources */ = {isa = PBXBuildFile; fileRef = BF19126628EDAB7100EF4C19 /* HomeViewModel.swift */; };
		BF19126928EDB4DC00EF4C19 /* MoreProductsView.swift in Sources */ = {isa = PBXBuildFile; fileRef = BF19126828EDB4DC00EF4C19 /* MoreProductsView.swift */; };
		BF19126B28EDB6DA00EF4C19 /* ContentView.swift in Sources */ = {isa = PBXBuildFile; fileRef = BF19126A28EDB6DA00EF4C19 /* ContentView.swift */; };
		BF19126D28EFE63700EF4C19 /* SearchView.swift in Sources */ = {isa = PBXBuildFile; fileRef = BF19126C28EFE63700EF4C19 /* SearchView.swift */; };
		BF19126F28EFEDBD00EF4C19 /* StaggeredGrid.swift in Sources */ = {isa = PBXBuildFile; fileRef = BF19126E28EFEDBD00EF4C19 /* StaggeredGrid.swift */; };
		BF87197328F04FB20043000D /* ProfilePage.swift in Sources */ = {isa = PBXBuildFile; fileRef = BF87197228F04FB20043000D /* ProfilePage.swift */; };
		BF9C6CD328EC34D1003E3DA3 /* EcommerceApp.swift in Sources */ = {isa = PBXBuildFile; fileRef = BF9C6CD228EC34D1003E3DA3 /* EcommerceApp.swift */; };
		BF9C6CD728EC34D2003E3DA3 /* Assets.xcassets in Resources */ = {isa = PBXBuildFile; fileRef = BF9C6CD628EC34D2003E3DA3 /* Assets.xcassets */; };
		BF9C6CDA28EC34D2003E3DA3 /* Preview Assets.xcassets in Resources */ = {isa = PBXBuildFile; fileRef = BF9C6CD928EC34D2003E3DA3 /* Preview Assets.xcassets */; };
		BF9C6CE428EC34D2003E3DA3 /* EcommerceTests.swift in Sources */ = {isa = PBXBuildFile; fileRef = BF9C6CE328EC34D2003E3DA3 /* EcommerceTests.swift */; };
		BF9C6CEE28EC34D2003E3DA3 /* EcommerceUITests.swift in Sources */ = {isa = PBXBuildFile; fileRef = BF9C6CED28EC34D2003E3DA3 /* EcommerceUITests.swift */; };
		BF9C6CF028EC34D2003E3DA3 /* EcommerceUITestsLaunchTests.swift in Sources */ = {isa = PBXBuildFile; fileRef = BF9C6CEF28EC34D2003E3DA3 /* EcommerceUITestsLaunchTests.swift */; };
		BF9C6D0928EC375F003E3DA3 /* OnBoardingPage.swift in Sources */ = {isa = PBXBuildFile; fileRef = BF9C6D0828EC375F003E3DA3 /* OnBoardingPage.swift */; };
		BF9C6D0E28EC38F8003E3DA3 /* Raleway-SemiBold.ttf in Resources */ = {isa = PBXBuildFile; fileRef = BF9C6D0B28EC38F8003E3DA3 /* Raleway-SemiBold.ttf */; };
		BF9C6D0F28EC38F8003E3DA3 /* Raleway-Regular.ttf in Resources */ = {isa = PBXBuildFile; fileRef = BF9C6D0C28EC38F8003E3DA3 /* Raleway-Regular.ttf */; };
		BF9C6D1028EC38F8003E3DA3 /* Raleway-Bold.ttf in Resources */ = {isa = PBXBuildFile; fileRef = BF9C6D0D28EC38F8003E3DA3 /* Raleway-Bold.ttf */; };
		BF9C6D1228EC3A48003E3DA3 /* LoginPage.swift in Sources */ = {isa = PBXBuildFile; fileRef = BF9C6D1128EC3A48003E3DA3 /* LoginPage.swift */; };
		BF9C6D1928EC3A8A003E3DA3 /* LoginPageViewModel.swift in Sources */ = {isa = PBXBuildFile; fileRef = BF9C6D1828EC3A8A003E3DA3 /* LoginPageViewModel.swift */; };
		BF9C6D1B28EC4076003E3DA3 /* CustomCorners.swift in Sources */ = {isa = PBXBuildFile; fileRef = BF9C6D1A28EC4076003E3DA3 /* CustomCorners.swift */; };
/* End PBXBuildFile section */

/* Begin PBXContainerItemProxy section */
		BF9C6CE028EC34D2003E3DA3 /* PBXContainerItemProxy */ = {
			isa = PBXContainerItemProxy;
			containerPortal = BF9C6CC728EC34D1003E3DA3 /* Project object */;
			proxyType = 1;
			remoteGlobalIDString = BF9C6CCE28EC34D1003E3DA3;
			remoteInfo = Ecommerce;
		};
		BF9C6CEA28EC34D2003E3DA3 /* PBXContainerItemProxy */ = {
			isa = PBXContainerItemProxy;
			containerPortal = BF9C6CC728EC34D1003E3DA3 /* Project object */;
			proxyType = 1;
			remoteGlobalIDString = BF9C6CCE28EC34D1003E3DA3;
			remoteInfo = Ecommerce;
		};
/* End PBXContainerItemProxy section */

/* Begin PBXFileReference section */
		BF19125C28EDA48300EF4C19 /* MainPage.swift */ = {isa = PBXFileReference; lastKnownFileType = sourcecode.swift; path = MainPage.swift; sourceTree = "<group>"; };
		BF19126128EDA7F200EF4C19 /* Home.swift */ = {isa = PBXFileReference; lastKnownFileType = sourcecode.swift; path = Home.swift; sourceTree = "<group>"; };
		BF19126428EDAA4200EF4C19 /* Product.swift */ = {isa = PBXFileReference; lastKnownFileType = sourcecode.swift; path = Product.swift; sourceTree = "<group>"; };
		BF19126628EDAB7100EF4C19 /* HomeViewModel.swift */ = {isa = PBXFileReference; lastKnownFileType = sourcecode.swift; path = HomeViewModel.swift; sourceTree = "<group>"; };
		BF19126828EDB4DC00EF4C19 /* MoreProductsView.swift */ = {isa = PBXFileReference; lastKnownFileType = sourcecode.swift; path = MoreProductsView.swift; sourceTree = "<group>"; };
		BF19126A28EDB6DA00EF4C19 /* ContentView.swift */ = {isa = PBXFileReference; fileEncoding = 4; lastKnownFileType = sourcecode.swift; name = ContentView.swift; path = "../../../../Downloads/EcommerceAppKit 3/Shared/ContentView.swift"; sourceTree = "<group>"; };
		BF19126C28EFE63700EF4C19 /* SearchView.swift */ = {isa = PBXFileReference; lastKnownFileType = sourcecode.swift; path = SearchView.swift; sourceTree = "<group>"; };
		BF19126E28EFEDBD00EF4C19 /* StaggeredGrid.swift */ = {isa = PBXFileReference; lastKnownFileType = sourcecode.swift; path = StaggeredGrid.swift; sourceTree = "<group>"; };
		BF87197228F04FB20043000D /* ProfilePage.swift */ = {isa = PBXFileReference; lastKnownFileType = sourcecode.swift; path = ProfilePage.swift; sourceTree = "<group>"; };
		BF9C6CCF28EC34D1003E3DA3 /* Ecommerce.app */ = {isa = PBXFileReference; explicitFileType = wrapper.application; includeInIndex = 0; path = Ecommerce.app; sourceTree = BUILT_PRODUCTS_DIR; };
		BF9C6CD228EC34D1003E3DA3 /* EcommerceApp.swift */ = {isa = PBXFileReference; lastKnownFileType = sourcecode.swift; path = EcommerceApp.swift; sourceTree = "<group>"; };
		BF9C6CD628EC34D2003E3DA3 /* Assets.xcassets */ = {isa = PBXFileReference; lastKnownFileType = folder.assetcatalog; path = Assets.xcassets; sourceTree = "<group>"; };
		BF9C6CD928EC34D2003E3DA3 /* Preview Assets.xcassets */ = {isa = PBXFileReference; lastKnownFileType = folder.assetcatalog; path = "Preview Assets.xcassets"; sourceTree = "<group>"; };
		BF9C6CDF28EC34D2003E3DA3 /* EcommerceTests.xctest */ = {isa = PBXFileReference; explicitFileType = wrapper.cfbundle; includeInIndex = 0; path = EcommerceTests.xctest; sourceTree = BUILT_PRODUCTS_DIR; };
		BF9C6CE328EC34D2003E3DA3 /* EcommerceTests.swift */ = {isa = PBXFileReference; lastKnownFileType = sourcecode.swift; path = EcommerceTests.swift; sourceTree = "<group>"; };
		BF9C6CE928EC34D2003E3DA3 /* EcommerceUITests.xctest */ = {isa = PBXFileReference; explicitFileType = wrapper.cfbundle; includeInIndex = 0; path = EcommerceUITests.xctest; sourceTree = BUILT_PRODUCTS_DIR; };
		BF9C6CED28EC34D2003E3DA3 /* EcommerceUITests.swift */ = {isa = PBXFileReference; lastKnownFileType = sourcecode.swift; path = EcommerceUITests.swift; sourceTree = "<group>"; };
		BF9C6CEF28EC34D2003E3DA3 /* EcommerceUITestsLaunchTests.swift */ = {isa = PBXFileReference; lastKnownFileType = sourcecode.swift; path = EcommerceUITestsLaunchTests.swift; sourceTree = "<group>"; };
		BF9C6CFE28EC3684003E3DA3 /* Info.plist */ = {isa = PBXFileReference; lastKnownFileType = text.plist; path = Info.plist; sourceTree = "<group>"; };
		BF9C6D0028EC3729003E3DA3 /* Raleway-SemiBold.ttf */ = {isa = PBXFileReference; lastKnownFileType = file; path = "Raleway-SemiBold.ttf"; sourceTree = "<group>"; };
		BF9C6D0128EC3729003E3DA3 /* Raleway-Regular.ttf */ = {isa = PBXFileReference; lastKnownFileType = file; path = "Raleway-Regular.ttf"; sourceTree = "<group>"; };
		BF9C6D0228EC3729003E3DA3 /* Raleway-Bold.ttf */ = {isa = PBXFileReference; lastKnownFileType = file; path = "Raleway-Bold.ttf"; sourceTree = "<group>"; };
		BF9C6D0428EC372D003E3DA3 /* Raleway-SemiBold.ttf */ = {isa = PBXFileReference; lastKnownFileType = file; path = "Raleway-SemiBold.ttf"; sourceTree = "<group>"; };
		BF9C6D0528EC372D003E3DA3 /* Raleway-Regular.ttf */ = {isa = PBXFileReference; lastKnownFileType = file; path = "Raleway-Regular.ttf"; sourceTree = "<group>"; };
		BF9C6D0628EC372D003E3DA3 /* Raleway-Bold.ttf */ = {isa = PBXFileReference; lastKnownFileType = file; path = "Raleway-Bold.ttf"; sourceTree = "<group>"; };
		BF9C6D0828EC375F003E3DA3 /* OnBoardingPage.swift */ = {isa = PBXFileReference; lastKnownFileType = sourcecode.swift; path = OnBoardingPage.swift; sourceTree = "<group>"; };
		BF9C6D0B28EC38F8003E3DA3 /* Raleway-SemiBold.ttf */ = {isa = PBXFileReference; lastKnownFileType = file; path = "Raleway-SemiBold.ttf"; sourceTree = "<group>"; };
		BF9C6D0C28EC38F8003E3DA3 /* Raleway-Regular.ttf */ = {isa = PBXFileReference; lastKnownFileType = file; path = "Raleway-Regular.ttf"; sourceTree = "<group>"; };
		BF9C6D0D28EC38F8003E3DA3 /* Raleway-Bold.ttf */ = {isa = PBXFileReference; lastKnownFileType = file; path = "Raleway-Bold.ttf"; sourceTree = "<group>"; };
		BF9C6D1128EC3A48003E3DA3 /* LoginPage.swift */ = {isa = PBXFileReference; lastKnownFileType = sourcecode.swift; path = LoginPage.swift; sourceTree = "<group>"; };
		BF9C6D1828EC3A8A003E3DA3 /* LoginPageViewModel.swift */ = {isa = PBXFileReference; lastKnownFileType = sourcecode.swift; path = LoginPageViewModel.swift; sourceTree = "<group>"; };
		BF9C6D1A28EC4076003E3DA3 /* CustomCorners.swift */ = {isa = PBXFileReference; lastKnownFileType = sourcecode.swift; path = CustomCorners.swift; sourceTree = "<group>"; };
/* End PBXFileReference section */

/* Begin PBXFrameworksBuildPhase section */
		BF9C6CCC28EC34D1003E3DA3 /* Frameworks */ = {
			isa = PBXFrameworksBuildPhase;
			buildActionMask = 2147483647;
			files = (
			);
			runOnlyForDeploymentPostprocessing = 0;
		};
		BF9C6CDC28EC34D2003E3DA3 /* Frameworks */ = {
			isa = PBXFrameworksBuildPhase;
			buildActionMask = 2147483647;
			files = (
			);
			runOnlyForDeploymentPostprocessing = 0;
		};
		BF9C6CE628EC34D2003E3DA3 /* Frameworks */ = {
			isa = PBXFrameworksBuildPhase;
			buildActionMask = 2147483647;
			files = (
			);
			runOnlyForDeploymentPostprocessing = 0;
		};
/* End PBXFrameworksBuildPhase section */

/* Begin PBXGroup section */
		BF19126028EDA7EB00EF4C19 /* TabViews */ = {
			isa = PBXGroup;
			children = (
				BF19126128EDA7F200EF4C19 /* Home.swift */,
				BF87197228F04FB20043000D /* ProfilePage.swift */,
			);
			path = TabViews;
			sourceTree = "<group>";
		};
		BF19126328EDAA2E00EF4C19 /* Model */ = {
			isa = PBXGroup;
			children = (
				BF19126428EDAA4200EF4C19 /* Product.swift */,
			);
			path = Model;
			sourceTree = "<group>";
		};
		BF9C6CC628EC34D1003E3DA3 = {
			isa = PBXGroup;
			children = (
				BF9C6CD128EC34D1003E3DA3 /* Ecommerce */,
				BF9C6CE228EC34D2003E3DA3 /* EcommerceTests */,
				BF9C6CEC28EC34D2003E3DA3 /* EcommerceUITests */,
				BF9C6CD028EC34D1003E3DA3 /* Products */,
			);
			sourceTree = "<group>";
		};
		BF9C6CD028EC34D1003E3DA3 /* Products */ = {
			isa = PBXGroup;
			children = (
				BF9C6CCF28EC34D1003E3DA3 /* Ecommerce.app */,
				BF9C6CDF28EC34D2003E3DA3 /* EcommerceTests.xctest */,
				BF9C6CE928EC34D2003E3DA3 /* EcommerceUITests.xctest */,
			);
			name = Products;
			sourceTree = "<group>";
		};
		BF9C6CD128EC34D1003E3DA3 /* Ecommerce */ = {
			isa = PBXGroup;
			children = (
				BF9C6CD228EC34D1003E3DA3 /* EcommerceApp.swift */,
				BF19126A28EDB6DA00EF4C19 /* ContentView.swift */,
				BF9C6D0A28EC38F8003E3DA3 /* Fonts */,
				BF9C6CFE28EC3684003E3DA3 /* Info.plist */,
				BF19126328EDAA2E00EF4C19 /* Model */,
				BF9C6D0728EC3743003E3DA3 /* View */,
				BF9C6D1328EC3A51003E3DA3 /* ViewModel */,
				BF9C6CD628EC34D2003E3DA3 /* Assets.xcassets */,
				BF9C6CD828EC34D2003E3DA3 /* Preview Content */,
			);
			path = Ecommerce;
			sourceTree = "<group>";
		};
		BF9C6CD828EC34D2003E3DA3 /* Preview Content */ = {
			isa = PBXGroup;
			children = (
				BF9C6CFF28EC3729003E3DA3 /* Fonts */,
				BF9C6D0328EC372D003E3DA3 /* Fonts */,
				BF9C6CD928EC34D2003E3DA3 /* Preview Assets.xcassets */,
			);
			path = "Preview Content";
			sourceTree = "<group>";
		};
		BF9C6CE228EC34D2003E3DA3 /* EcommerceTests */ = {
			isa = PBXGroup;
			children = (
				BF9C6CE328EC34D2003E3DA3 /* EcommerceTests.swift */,
			);
			path = EcommerceTests;
			sourceTree = "<group>";
		};
		BF9C6CEC28EC34D2003E3DA3 /* EcommerceUITests */ = {
			isa = PBXGroup;
			children = (
				BF9C6CED28EC34D2003E3DA3 /* EcommerceUITests.swift */,
				BF9C6CEF28EC34D2003E3DA3 /* EcommerceUITestsLaunchTests.swift */,
			);
			path = EcommerceUITests;
			sourceTree = "<group>";
		};
		BF9C6CFF28EC3729003E3DA3 /* Fonts */ = {
			isa = PBXGroup;
			children = (
				BF9C6D0028EC3729003E3DA3 /* Raleway-SemiBold.ttf */,
				BF9C6D0128EC3729003E3DA3 /* Raleway-Regular.ttf */,
				BF9C6D0228EC3729003E3DA3 /* Raleway-Bold.ttf */,
			);
			path = Fonts;
			sourceTree = "<group>";
		};
		BF9C6D0328EC372D003E3DA3 /* Fonts */ = {
			isa = PBXGroup;
			children = (
				BF9C6D0428EC372D003E3DA3 /* Raleway-SemiBold.ttf */,
				BF9C6D0528EC372D003E3DA3 /* Raleway-Regular.ttf */,
				BF9C6D0628EC372D003E3DA3 /* Raleway-Bold.ttf */,
			);
			name = Fonts;
			path = ../../../../../Downloads/EcommerceAppKit/Shared/Fonts;
			sourceTree = "<group>";
		};
		BF9C6D0728EC3743003E3DA3 /* View */ = {
			isa = PBXGroup;
			children = (
				BF19126028EDA7EB00EF4C19 /* TabViews */,
				BF9C6D0828EC375F003E3DA3 /* OnBoardingPage.swift */,
				BF9C6D1128EC3A48003E3DA3 /* LoginPage.swift */,
				BF9C6D1A28EC4076003E3DA3 /* CustomCorners.swift */,
				BF19125C28EDA48300EF4C19 /* MainPage.swift */,
				BF19126828EDB4DC00EF4C19 /* MoreProductsView.swift */,
				BF19126C28EFE63700EF4C19 /* SearchView.swift */,
				BF19126E28EFEDBD00EF4C19 /* StaggeredGrid.swift */,
			);
			path = View;
			sourceTree = "<group>";
		};
		BF9C6D0A28EC38F8003E3DA3 /* Fonts */ = {
			isa = PBXGroup;
			children = (
				BF9C6D0B28EC38F8003E3DA3 /* Raleway-SemiBold.ttf */,
				BF9C6D0C28EC38F8003E3DA3 /* Raleway-Regular.ttf */,
				BF9C6D0D28EC38F8003E3DA3 /* Raleway-Bold.ttf */,
			);
			name = Fonts;
			path = "../../../../Downloads/EcommerceAppKit 2/Shared/Fonts";
			sourceTree = "<group>";
		};
		BF9C6D1328EC3A51003E3DA3 /* ViewModel */ = {
			isa = PBXGroup;
			children = (
				BF9C6D1828EC3A8A003E3DA3 /* LoginPageViewModel.swift */,
				BF19126628EDAB7100EF4C19 /* HomeViewModel.swift */,
			);
			path = ViewModel;
			sourceTree = "<group>";
		};
/* End PBXGroup section */

/* Begin PBXNativeTarget section */
		BF9C6CCE28EC34D1003E3DA3 /* Ecommerce */ = {
			isa = PBXNativeTarget;
			buildConfigurationList = BF9C6CF328EC34D2003E3DA3 /* Build configuration list for PBXNativeTarget "Ecommerce" */;
			buildPhases = (
				BF9C6CCB28EC34D1003E3DA3 /* Sources */,
				BF9C6CCC28EC34D1003E3DA3 /* Frameworks */,
				BF9C6CCD28EC34D1003E3DA3 /* Resources */,
			);
			buildRules = (
			);
			dependencies = (
			);
			name = Ecommerce;
			productName = Ecommerce;
			productReference = BF9C6CCF28EC34D1003E3DA3 /* Ecommerce.app */;
			productType = "com.apple.product-type.application";
		};
		BF9C6CDE28EC34D2003E3DA3 /* EcommerceTests */ = {
			isa = PBXNativeTarget;
			buildConfigurationList = BF9C6CF628EC34D2003E3DA3 /* Build configuration list for PBXNativeTarget "EcommerceTests" */;
			buildPhases = (
				BF9C6CDB28EC34D2003E3DA3 /* Sources */,
				BF9C6CDC28EC34D2003E3DA3 /* Frameworks */,
				BF9C6CDD28EC34D2003E3DA3 /* Resources */,
			);
			buildRules = (
			);
			dependencies = (
				BF9C6CE128EC34D2003E3DA3 /* PBXTargetDependency */,
			);
			name = EcommerceTests;
			productName = EcommerceTests;
			productReference = BF9C6CDF28EC34D2003E3DA3 /* EcommerceTests.xctest */;
			productType = "com.apple.product-type.bundle.unit-test";
		};
		BF9C6CE828EC34D2003E3DA3 /* EcommerceUITests */ = {
			isa = PBXNativeTarget;
			buildConfigurationList = BF9C6CF928EC34D2003E3DA3 /* Build configuration list for PBXNativeTarget "EcommerceUITests" */;
			buildPhases = (
				BF9C6CE528EC34D2003E3DA3 /* Sources */,
				BF9C6CE628EC34D2003E3DA3 /* Frameworks */,
				BF9C6CE728EC34D2003E3DA3 /* Resources */,
			);
			buildRules = (
			);
			dependencies = (
				BF9C6CEB28EC34D2003E3DA3 /* PBXTargetDependency */,
			);
			name = EcommerceUITests;
			productName = EcommerceUITests;
			productReference = BF9C6CE928EC34D2003E3DA3 /* EcommerceUITests.xctest */;
			productType = "com.apple.product-type.bundle.ui-testing";
		};
/* End PBXNativeTarget section */

/* Begin PBXProject section */
		BF9C6CC728EC34D1003E3DA3 /* Project object */ = {
			isa = PBXProject;
			attributes = {
				BuildIndependentTargetsInParallel = 1;
				LastSwiftUpdateCheck = 1400;
				LastUpgradeCheck = 1400;
				TargetAttributes = {
					BF9C6CCE28EC34D1003E3DA3 = {
						CreatedOnToolsVersion = 14.0.1;
					};
					BF9C6CDE28EC34D2003E3DA3 = {
						CreatedOnToolsVersion = 14.0.1;
						TestTargetID = BF9C6CCE28EC34D1003E3DA3;
					};
					BF9C6CE828EC34D2003E3DA3 = {
						CreatedOnToolsVersion = 14.0.1;
						TestTargetID = BF9C6CCE28EC34D1003E3DA3;
					};
				};
			};
			buildConfigurationList = BF9C6CCA28EC34D1003E3DA3 /* Build configuration list for PBXProject "Ecommerce" */;
			compatibilityVersion = "Xcode 14.0";
			developmentRegion = en;
			hasScannedForEncodings = 0;
			knownRegions = (
				en,
				Base,
			);
			mainGroup = BF9C6CC628EC34D1003E3DA3;
			productRefGroup = BF9C6CD028EC34D1003E3DA3 /* Products */;
			projectDirPath = "";
			projectRoot = "";
			targets = (
				BF9C6CCE28EC34D1003E3DA3 /* Ecommerce */,
				BF9C6CDE28EC34D2003E3DA3 /* EcommerceTests */,
				BF9C6CE828EC34D2003E3DA3 /* EcommerceUITests */,
			);
		};
/* End PBXProject section */

/* Begin PBXResourcesBuildPhase section */
		BF9C6CCD28EC34D1003E3DA3 /* Resources */ = {
			isa = PBXResourcesBuildPhase;
			buildActionMask = 2147483647;
			files = (
				BF9C6D0E28EC38F8003E3DA3 /* Raleway-SemiBold.ttf in Resources */,
				BF9C6CDA28EC34D2003E3DA3 /* Preview Assets.xcassets in Resources */,
				BF9C6CD728EC34D2003E3DA3 /* Assets.xcassets in Resources */,
				BF9C6D1028EC38F8003E3DA3 /* Raleway-Bold.ttf in Resources */,
				BF9C6D0F28EC38F8003E3DA3 /* Raleway-Regular.ttf in Resources */,
			);
			runOnlyForDeploymentPostprocessing = 0;
		};
		BF9C6CDD28EC34D2003E3DA3 /* Resources */ = {
			isa = PBXResourcesBuildPhase;
			buildActionMask = 2147483647;
			files = (
			);
			runOnlyForDeploymentPostprocessing = 0;
		};
		BF9C6CE728EC34D2003E3DA3 /* Resources */ = {
			isa = PBXResourcesBuildPhase;
			buildActionMask = 2147483647;
			files = (
			);
			runOnlyForDeploymentPostprocessing = 0;
		};
/* End PBXResourcesBuildPhase section */

/* Begin PBXSourcesBuildPhase section */
		BF9C6CCB28EC34D1003E3DA3 /* Sources */ = {
			isa = PBXSourcesBuildPhase;
			buildActionMask = 2147483647;
			files = (
				BF9C6D1228EC3A48003E3DA3 /* LoginPage.swift in Sources */,
				BF19126B28EDB6DA00EF4C19 /* ContentView.swift in Sources */,
				BF19126728EDAB7100EF4C19 /* HomeViewModel.swift in Sources */,
				BF19126F28EFEDBD00EF4C19 /* StaggeredGrid.swift in Sources */,
				BF19126528EDAA4200EF4C19 /* Product.swift in Sources */,
				BF19126D28EFE63700EF4C19 /* SearchView.swift in Sources */,
				BF9C6D1B28EC4076003E3DA3 /* CustomCorners.swift in Sources */,
				BF9C6D0928EC375F003E3DA3 /* OnBoardingPage.swift in Sources */,
				BF9C6D1928EC3A8A003E3DA3 /* LoginPageViewModel.swift in Sources */,
				BF9C6CD328EC34D1003E3DA3 /* EcommerceApp.swift in Sources */,
				BF87197328F04FB20043000D /* ProfilePage.swift in Sources */,
				BF19125D28EDA48300EF4C19 /* MainPage.swift in Sources */,
				BF19126228EDA7F200EF4C19 /* Home.swift in Sources */,
				BF19126928EDB4DC00EF4C19 /* MoreProductsView.swift in Sources */,
			);
			runOnlyForDeploymentPostprocessing = 0;
		};
		BF9C6CDB28EC34D2003E3DA3 /* Sources */ = {
			isa = PBXSourcesBuildPhase;
			buildActionMask = 2147483647;
			files = (
				BF9C6CE428EC34D2003E3DA3 /* EcommerceTests.swift in Sources */,
			);
			runOnlyForDeploymentPostprocessing = 0;
		};
		BF9C6CE528EC34D2003E3DA3 /* Sources */ = {
			isa = PBXSourcesBuildPhase;
			buildActionMask = 2147483647;
			files = (
				BF9C6CEE28EC34D2003E3DA3 /* EcommerceUITests.swift in Sources */,
				BF9C6CF028EC34D2003E3DA3 /* EcommerceUITestsLaunchTests.swift in Sources */,
			);
			runOnlyForDeploymentPostprocessing = 0;
		};
/* End PBXSourcesBuildPhase section */

/* Begin PBXTargetDependency section */
		BF9C6CE128EC34D2003E3DA3 /* PBXTargetDependency */ = {
			isa = PBXTargetDependency;
			target = BF9C6CCE28EC34D1003E3DA3 /* Ecommerce */;
			targetProxy = BF9C6CE028EC34D2003E3DA3 /* PBXContainerItemProxy */;
		};
		BF9C6CEB28EC34D2003E3DA3 /* PBXTargetDependency */ = {
			isa = PBXTargetDependency;
			target = BF9C6CCE28EC34D1003E3DA3 /* Ecommerce */;
			targetProxy = BF9C6CEA28EC34D2003E3DA3 /* PBXContainerItemProxy */;
		};
/* End PBXTargetDependency section */

/* Begin XCBuildConfiguration section */
		BF9C6CF128EC34D2003E3DA3 /* Debug */ = {
			isa = XCBuildConfiguration;
			buildSettings = {
				ALWAYS_SEARCH_USER_PATHS = NO;
				CLANG_ANALYZER_NONNULL = YES;
				CLANG_ANALYZER_NUMBER_OBJECT_CONVERSION = YES_AGGRESSIVE;
				CLANG_CXX_LANGUAGE_STANDARD = "gnu++20";
				CLANG_ENABLE_MODULES = YES;
				CLANG_ENABLE_OBJC_ARC = YES;
				CLANG_ENABLE_OBJC_WEAK = YES;
				CLANG_WARN_BLOCK_CAPTURE_AUTORELEASING = YES;
				CLANG_WARN_BOOL_CONVERSION = YES;
				CLANG_WARN_COMMA = YES;
				CLANG_WARN_CONSTANT_CONVERSION = YES;
				CLANG_WARN_DEPRECATED_OBJC_IMPLEMENTATIONS = YES;
				CLANG_WARN_DIRECT_OBJC_ISA_USAGE = YES_ERROR;
				CLANG_WARN_DOCUMENTATION_COMMENTS = YES;
				CLANG_WARN_EMPTY_BODY = YES;
				CLANG_WARN_ENUM_CONVERSION = YES;
				CLANG_WARN_INFINITE_RECURSION = YES;
				CLANG_WARN_INT_CONVERSION = YES;
				CLANG_WARN_NON_LITERAL_NULL_CONVERSION = YES;
				CLANG_WARN_OBJC_IMPLICIT_RETAIN_SELF = YES;
				CLANG_WARN_OBJC_LITERAL_CONVERSION = YES;
				CLANG_WARN_OBJC_ROOT_CLASS = YES_ERROR;
				CLANG_WARN_QUOTED_INCLUDE_IN_FRAMEWORK_HEADER = YES;
				CLANG_WARN_RANGE_LOOP_ANALYSIS = YES;
				CLANG_WARN_STRICT_PROTOTYPES = YES;
				CLANG_WARN_SUSPICIOUS_MOVE = YES;
				CLANG_WARN_UNGUARDED_AVAILABILITY = YES_AGGRESSIVE;
				CLANG_WARN_UNREACHABLE_CODE = YES;
				CLANG_WARN__DUPLICATE_METHOD_MATCH = YES;
				COPY_PHASE_STRIP = NO;
				DEBUG_INFORMATION_FORMAT = dwarf;
				ENABLE_STRICT_OBJC_MSGSEND = YES;
				ENABLE_TESTABILITY = YES;
				GCC_C_LANGUAGE_STANDARD = gnu11;
				GCC_DYNAMIC_NO_PIC = NO;
				GCC_NO_COMMON_BLOCKS = YES;
				GCC_OPTIMIZATION_LEVEL = 0;
				GCC_PREPROCESSOR_DEFINITIONS = (
					"DEBUG=1",
					"$(inherited)",
				);
				GCC_WARN_64_TO_32_BIT_CONVERSION = YES;
				GCC_WARN_ABOUT_RETURN_TYPE = YES_ERROR;
				GCC_WARN_UNDECLARED_SELECTOR = YES;
				GCC_WARN_UNINITIALIZED_AUTOS = YES_AGGRESSIVE;
				GCC_WARN_UNUSED_FUNCTION = YES;
				GCC_WARN_UNUSED_VARIABLE = YES;
				IPHONEOS_DEPLOYMENT_TARGET = 16.0;
				MTL_ENABLE_DEBUG_INFO = INCLUDE_SOURCE;
				MTL_FAST_MATH = YES;
				ONLY_ACTIVE_ARCH = YES;
				SDKROOT = iphoneos;
				SWIFT_ACTIVE_COMPILATION_CONDITIONS = DEBUG;
				SWIFT_OPTIMIZATION_LEVEL = "-Onone";
			};
			name = Debug;
		};
		BF9C6CF228EC34D2003E3DA3 /* Release */ = {
			isa = XCBuildConfiguration;
			buildSettings = {
				ALWAYS_SEARCH_USER_PATHS = NO;
				CLANG_ANALYZER_NONNULL = YES;
				CLANG_ANALYZER_NUMBER_OBJECT_CONVERSION = YES_AGGRESSIVE;
				CLANG_CXX_LANGUAGE_STANDARD = "gnu++20";
				CLANG_ENABLE_MODULES = YES;
				CLANG_ENABLE_OBJC_ARC = YES;
				CLANG_ENABLE_OBJC_WEAK = YES;
				CLANG_WARN_BLOCK_CAPTURE_AUTORELEASING = YES;
				CLANG_WARN_BOOL_CONVERSION = YES;
				CLANG_WARN_COMMA = YES;
				CLANG_WARN_CONSTANT_CONVERSION = YES;
				CLANG_WARN_DEPRECATED_OBJC_IMPLEMENTATIONS = YES;
				CLANG_WARN_DIRECT_OBJC_ISA_USAGE = YES_ERROR;
				CLANG_WARN_DOCUMENTATION_COMMENTS = YES;
				CLANG_WARN_EMPTY_BODY = YES;
				CLANG_WARN_ENUM_CONVERSION = YES;
				CLANG_WARN_INFINITE_RECURSION = YES;
				CLANG_WARN_INT_CONVERSION = YES;
				CLANG_WARN_NON_LITERAL_NULL_CONVERSION = YES;
				CLANG_WARN_OBJC_IMPLICIT_RETAIN_SELF = YES;
				CLANG_WARN_OBJC_LITERAL_CONVERSION = YES;
				CLANG_WARN_OBJC_ROOT_CLASS = YES_ERROR;
				CLANG_WARN_QUOTED_INCLUDE_IN_FRAMEWORK_HEADER = YES;
				CLANG_WARN_RANGE_LOOP_ANALYSIS = YES;
				CLANG_WARN_STRICT_PROTOTYPES = YES;
				CLANG_WARN_SUSPICIOUS_MOVE = YES;
				CLANG_WARN_UNGUARDED_AVAILABILITY = YES_AGGRESSIVE;
				CLANG_WARN_UNREACHABLE_CODE = YES;
				CLANG_WARN__DUPLICATE_METHOD_MATCH = YES;
				COPY_PHASE_STRIP = NO;
				DEBUG_INFORMATION_FORMAT = "dwarf-with-dsym";
				ENABLE_NS_ASSERTIONS = NO;
				ENABLE_STRICT_OBJC_MSGSEND = YES;
				GCC_C_LANGUAGE_STANDARD = gnu11;
				GCC_NO_COMMON_BLOCKS = YES;
				GCC_WARN_64_TO_32_BIT_CONVERSION = YES;
				GCC_WARN_ABOUT_RETURN_TYPE = YES_ERROR;
				GCC_WARN_UNDECLARED_SELECTOR = YES;
				GCC_WARN_UNINITIALIZED_AUTOS = YES_AGGRESSIVE;
				GCC_WARN_UNUSED_FUNCTION = YES;
				GCC_WARN_UNUSED_VARIABLE = YES;
				IPHONEOS_DEPLOYMENT_TARGET = 16.0;
				MTL_ENABLE_DEBUG_INFO = NO;
				MTL_FAST_MATH = YES;
				SDKROOT = iphoneos;
				SWIFT_COMPILATION_MODE = wholemodule;
				SWIFT_OPTIMIZATION_LEVEL = "-O";
				VALIDATE_PRODUCT = YES;
			};
			name = Release;
		};
		BF9C6CF428EC34D2003E3DA3 /* Debug */ = {
			isa = XCBuildConfiguration;
			buildSettings = {
				ASSETCATALOG_COMPILER_APPICON_NAME = AppIcon;
				ASSETCATALOG_COMPILER_GLOBAL_ACCENT_COLOR_NAME = AccentColor;
				CODE_SIGN_STYLE = Automatic;
				CURRENT_PROJECT_VERSION = 1;
				DEVELOPMENT_ASSET_PATHS = "\"Ecommerce/Preview Content\"";
				DEVELOPMENT_TEAM = L8QX5LU28U;
				ENABLE_PREVIEWS = YES;
				GENERATE_INFOPLIST_FILE = YES;
				INFOPLIST_FILE = Ecommerce/Info.plist;
				INFOPLIST_KEY_UIApplicationSceneManifest_Generation = YES;
				INFOPLIST_KEY_UIApplicationSupportsIndirectInputEvents = YES;
				INFOPLIST_KEY_UILaunchScreen_Generation = YES;
				INFOPLIST_KEY_UISupportedInterfaceOrientations_iPad = "UIInterfaceOrientationPortrait UIInterfaceOrientationPortraitUpsideDown UIInterfaceOrientationLandscapeLeft UIInterfaceOrientationLandscapeRight";
				INFOPLIST_KEY_UISupportedInterfaceOrientations_iPhone = "UIInterfaceOrientationPortrait UIInterfaceOrientationLandscapeLeft UIInterfaceOrientationLandscapeRight";
				LD_RUNPATH_SEARCH_PATHS = (
					"$(inherited)",
					"@executable_path/Frameworks",
				);
				MARKETING_VERSION = 1.0;
				PRODUCT_BUNDLE_IDENTIFIER = au.edu.uts.student.Ecommerce;
				PRODUCT_NAME = "$(TARGET_NAME)";
				SWIFT_EMIT_LOC_STRINGS = YES;
				SWIFT_VERSION = 5.0;
				TARGETED_DEVICE_FAMILY = "1,2";
			};
			name = Debug;
		};
		BF9C6CF528EC34D2003E3DA3 /* Release */ = {
			isa = XCBuildConfiguration;
			buildSettings = {
				ASSETCATALOG_COMPILER_APPICON_NAME = AppIcon;
				ASSETCATALOG_COMPILER_GLOBAL_ACCENT_COLOR_NAME = AccentColor;
				CODE_SIGN_STYLE = Automatic;
				CURRENT_PROJECT_VERSION = 1;
				DEVELOPMENT_ASSET_PATHS = "\"Ecommerce/Preview Content\"";
				DEVELOPMENT_TEAM = L8QX5LU28U;
				ENABLE_PREVIEWS = YES;
				GENERATE_INFOPLIST_FILE = YES;
				INFOPLIST_FILE = Ecommerce/Info.plist;
				INFOPLIST_KEY_UIApplicationSceneManifest_Generation = YES;
				INFOPLIST_KEY_UIApplicationSupportsIndirectInputEvents = YES;
				INFOPLIST_KEY_UILaunchScreen_Generation = YES;
				INFOPLIST_KEY_UISupportedInterfaceOrientations_iPad = "UIInterfaceOrientationPortrait UIInterfaceOrientationPortraitUpsideDown UIInterfaceOrientationLandscapeLeft UIInterfaceOrientationLandscapeRight";
				INFOPLIST_KEY_UISupportedInterfaceOrientations_iPhone = "UIInterfaceOrientationPortrait UIInterfaceOrientationLandscapeLeft UIInterfaceOrientationLandscapeRight";
				LD_RUNPATH_SEARCH_PATHS = (
					"$(inherited)",
					"@executable_path/Frameworks",
				);
				MARKETING_VERSION = 1.0;
				PRODUCT_BUNDLE_IDENTIFIER = au.edu.uts.student.Ecommerce;
				PRODUCT_NAME = "$(TARGET_NAME)";
				SWIFT_EMIT_LOC_STRINGS = YES;
				SWIFT_VERSION = 5.0;
				TARGETED_DEVICE_FAMILY = "1,2";
			};
			name = Release;
		};
		BF9C6CF728EC34D2003E3DA3 /* Debug */ = {
			isa = XCBuildConfiguration;
			buildSettings = {
				ALWAYS_EMBED_SWIFT_STANDARD_LIBRARIES = YES;
				BUNDLE_LOADER = "$(TEST_HOST)";
				CODE_SIGN_STYLE = Automatic;
				CURRENT_PROJECT_VERSION = 1;
				DEVELOPMENT_TEAM = L8QX5LU28U;
				GENERATE_INFOPLIST_FILE = YES;
				IPHONEOS_DEPLOYMENT_TARGET = 16.0;
				MARKETING_VERSION = 1.0;
				PRODUCT_BUNDLE_IDENTIFIER = au.edu.uts.student.EcommerceTests;
				PRODUCT_NAME = "$(TARGET_NAME)";
				SWIFT_EMIT_LOC_STRINGS = NO;
				SWIFT_VERSION = 5.0;
				TARGETED_DEVICE_FAMILY = "1,2";
				TEST_HOST = "$(BUILT_PRODUCTS_DIR)/Ecommerce.app/$(BUNDLE_EXECUTABLE_FOLDER_PATH)/Ecommerce";
			};
			name = Debug;
		};
		BF9C6CF828EC34D2003E3DA3 /* Release */ = {
			isa = XCBuildConfiguration;
			buildSettings = {
				ALWAYS_EMBED_SWIFT_STANDARD_LIBRARIES = YES;
				BUNDLE_LOADER = "$(TEST_HOST)";
				CODE_SIGN_STYLE = Automatic;
				CURRENT_PROJECT_VERSION = 1;
				DEVELOPMENT_TEAM = L8QX5LU28U;
				GENERATE_INFOPLIST_FILE = YES;
				IPHONEOS_DEPLOYMENT_TARGET = 16.0;
				MARKETING_VERSION = 1.0;
				PRODUCT_BUNDLE_IDENTIFIER = au.edu.uts.student.EcommerceTests;
				PRODUCT_NAME = "$(TARGET_NAME)";
				SWIFT_EMIT_LOC_STRINGS = NO;
				SWIFT_VERSION = 5.0;
				TARGETED_DEVICE_FAMILY = "1,2";
				TEST_HOST = "$(BUILT_PRODUCTS_DIR)/Ecommerce.app/$(BUNDLE_EXECUTABLE_FOLDER_PATH)/Ecommerce";
			};
			name = Release;
		};
		BF9C6CFA28EC34D2003E3DA3 /* Debug */ = {
			isa = XCBuildConfiguration;
			buildSettings = {
				ALWAYS_EMBED_SWIFT_STANDARD_LIBRARIES = YES;
				CODE_SIGN_STYLE = Automatic;
				CURRENT_PROJECT_VERSION = 1;
				DEVELOPMENT_TEAM = L8QX5LU28U;
				GENERATE_INFOPLIST_FILE = YES;
				MARKETING_VERSION = 1.0;
				PRODUCT_BUNDLE_IDENTIFIER = au.edu.uts.student.EcommerceUITests;
				PRODUCT_NAME = "$(TARGET_NAME)";
				SWIFT_EMIT_LOC_STRINGS = NO;
				SWIFT_VERSION = 5.0;
				TARGETED_DEVICE_FAMILY = "1,2";
				TEST_TARGET_NAME = Ecommerce;
			};
			name = Debug;
		};
		BF9C6CFB28EC34D2003E3DA3 /* Release */ = {
			isa = XCBuildConfiguration;
			buildSettings = {
				ALWAYS_EMBED_SWIFT_STANDARD_LIBRARIES = YES;
				CODE_SIGN_STYLE = Automatic;
				CURRENT_PROJECT_VERSION = 1;
				DEVELOPMENT_TEAM = L8QX5LU28U;
				GENERATE_INFOPLIST_FILE = YES;
				MARKETING_VERSION = 1.0;
				PRODUCT_BUNDLE_IDENTIFIER = au.edu.uts.student.EcommerceUITests;
				PRODUCT_NAME = "$(TARGET_NAME)";
				SWIFT_EMIT_LOC_STRINGS = NO;
				SWIFT_VERSION = 5.0;
				TARGETED_DEVICE_FAMILY = "1,2";
				TEST_TARGET_NAME = Ecommerce;
			};
			name = Release;
		};
/* End XCBuildConfiguration section */

/* Begin XCConfigurationList section */
		BF9C6CCA28EC34D1003E3DA3 /* Build configuration list for PBXProject "Ecommerce" */ = {
			isa = XCConfigurationList;
			buildConfigurations = (
				BF9C6CF128EC34D2003E3DA3 /* Debug */,
				BF9C6CF228EC34D2003E3DA3 /* Release */,
			);
			defaultConfigurationIsVisible = 0;
			defaultConfigurationName = Release;
		};
		BF9C6CF328EC34D2003E3DA3 /* Build configuration list for PBXNativeTarget "Ecommerce" */ = {
			isa = XCConfigurationList;
			buildConfigurations = (
				BF9C6CF428EC34D2003E3DA3 /* Debug */,
				BF9C6CF528EC34D2003E3DA3 /* Release */,
			);
			defaultConfigurationIsVisible = 0;
			defaultConfigurationName = Release;
		};
		BF9C6CF628EC34D2003E3DA3 /* Build configuration list for PBXNativeTarget "EcommerceTests" */ = {
			isa = XCConfigurationList;
			buildConfigurations = (
				BF9C6CF728EC34D2003E3DA3 /* Debug */,
				BF9C6CF828EC34D2003E3DA3 /* Release */,
			);
			defaultConfigurationIsVisible = 0;
			defaultConfigurationName = Release;
		};
		BF9C6CF928EC34D2003E3DA3 /* Build configuration list for PBXNativeTarget "EcommerceUITests" */ = {
			isa = XCConfigurationList;
			buildConfigurations = (
				BF9C6CFA28EC34D2003E3DA3 /* Debug */,
				BF9C6CFB28EC34D2003E3DA3 /* Release */,
			);
			defaultConfigurationIsVisible = 0;
			defaultConfigurationName = Release;
		};
/* End XCConfigurationList section */
	};
	rootObject = BF9C6CC728EC34D1003E3DA3 /* Project object */;
}
